
Microsoft Visual Studio Solution File, Format Version 12.00
# Visual Studio Version 17
VisualStudioVersion = 17.7.34024.191
MinimumVisualStudioVersion = 10.0.40219.1
Project("{888888A0-9F3D-457C-B088-3A5042F75D52}") = "RockPaperScissor", "RockPaperScissor.pyproj", "{6E68F68B-286D-45CE-9577-1AF5C5E7BCEC}"
EndProject
Global
	GlobalSection(SolutionConfigurationPlatforms) = preSolution
		Debug|Any CPU = Debug|Any CPU
		Release|Any CPU = Release|Any CPU
	EndGlobalSection
	GlobalSection(ProjectConfigurationPlatforms) = postSolution
		{6E68F68B-286D-45CE-9577-1AF5C5E7BCEC}.Debug|Any CPU.ActiveCfg = Debug|Any CPU
		{6E68F68B-286D-45CE-9577-1AF5C5E7BCEC}.Release|Any CPU.ActiveCfg = Release|Any CPU
	EndGlobalSection
	GlobalSection(SolutionProperties) = preSolution
		HideSolutionNode = FALSE
	EndGlobalSection
	GlobalSection(ExtensibilityGlobals) = postSolution
		SolutionGuid = {A13D36D8-D3AF-4FB1-AB53-14A0B8C5EDEA}
	EndGlobalSection
EndGlobal
